
Microsoft Visual Studio Solution File, Format Version 12.00
# Visual Studio Version 17
VisualStudioVersion = 17.1.32228.430
MinimumVisualStudioVersion = 10.0.40219.1
Project("{9A19103F-16F7-4668-BE54-9A1E7A4F7556}") = "Library.LeoTumbas.API", "Library.LeoTumbas.API\Library.LeoTumbas.API.csproj", "{23DE8539-786B-48FA-8290-13548964ECBE}"
EndProject
Project("{9A19103F-16F7-4668-BE54-9A1E7A4F7556}") = "Library.LeoTumbas.Contracts", "Library.LeoTumbas.Contracts\Library.LeoTumbas.Contracts.csproj", "{AA99ADD0-C64C-482C-93E1-62ACD10AD98C}"
EndProject
Project("{9A19103F-16F7-4668-BE54-9A1E7A4F7556}") = "Library.LeoTumbas.Services", "Library.LeoTumbas.Services\Library.LeoTumbas.Services.csproj", "{4BDA3D17-CCB7-498F-8A54-67528698B785}"
EndProject
Project("{9A19103F-16F7-4668-BE54-9A1E7A4F7556}") = "Library.LeoTumbas.Data.Db", "Library.LeoTumbas.Data.Db\Library.LeoTumbas.Data.Db.csproj", "{3FCFFFD5-F66B-42CF-AFF9-09FAC2515965}"
EndProject
Global
	GlobalSection(SolutionConfigurationPlatforms) = preSolution
		Debug|Any CPU = Debug|Any CPU
		Release|Any CPU = Release|Any CPU
	EndGlobalSection
	GlobalSection(ProjectConfigurationPlatforms) = postSolution
		{23DE8539-786B-48FA-8290-13548964ECBE}.Debug|Any CPU.ActiveCfg = Debug|Any CPU
		{23DE8539-786B-48FA-8290-13548964ECBE}.Debug|Any CPU.Build.0 = Debug|Any CPU
		{23DE8539-786B-48FA-8290-13548964ECBE}.Release|Any CPU.ActiveCfg = Release|Any CPU
		{23DE8539-786B-48FA-8290-13548964ECBE}.Release|Any CPU.Build.0 = Release|Any CPU
		{AA99ADD0-C64C-482C-93E1-62ACD10AD98C}.Debug|Any CPU.ActiveCfg = Debug|Any CPU
		{AA99ADD0-C64C-482C-93E1-62ACD10AD98C}.Debug|Any CPU.Build.0 = Debug|Any CPU
		{AA99ADD0-C64C-482C-93E1-62ACD10AD98C}.Release|Any CPU.ActiveCfg = Release|Any CPU
		{AA99ADD0-C64C-482C-93E1-62ACD10AD98C}.Release|Any CPU.Build.0 = Release|Any CPU
		{4BDA3D17-CCB7-498F-8A54-67528698B785}.Debug|Any CPU.ActiveCfg = Debug|Any CPU
		{4BDA3D17-CCB7-498F-8A54-67528698B785}.Debug|Any CPU.Build.0 = Debug|Any CPU
		{4BDA3D17-CCB7-498F-8A54-67528698B785}.Release|Any CPU.ActiveCfg = Release|Any CPU
		{4BDA3D17-CCB7-498F-8A54-67528698B785}.Release|Any CPU.Build.0 = Release|Any CPU
		{3FCFFFD5-F66B-42CF-AFF9-09FAC2515965}.Debug|Any CPU.ActiveCfg = Debug|Any CPU
		{3FCFFFD5-F66B-42CF-AFF9-09FAC2515965}.Debug|Any CPU.Build.0 = Debug|Any CPU
		{3FCFFFD5-F66B-42CF-AFF9-09FAC2515965}.Release|Any CPU.ActiveCfg = Release|Any CPU
		{3FCFFFD5-F66B-42CF-AFF9-09FAC2515965}.Release|Any CPU.Build.0 = Release|Any CPU
	EndGlobalSection
	GlobalSection(SolutionProperties) = preSolution
		HideSolutionNode = FALSE
	EndGlobalSection
	GlobalSection(ExtensibilityGlobals) = postSolution
		SolutionGuid = {9350AFD2-FB26-45D4-89D7-283976B48A7C}
	EndGlobalSection
EndGlobal
